
Microsoft Visual Studio Solution File, Format Version 12.00
Project("{FAE04EC0-301F-11D3-BF4B-00C04F79EFBC}") = "MvcLogin", "MvcLogin\MvcLogin.csproj", "{4E1BF292-01BD-44E3-B773-A100E45C9693}"
EndProject
Global
	GlobalSection(SolutionConfigurationPlatforms) = preSolution
		Debug|Any CPU = Debug|Any CPU
		Release|Any CPU = Release|Any CPU
	EndGlobalSection
	GlobalSection(ProjectConfigurationPlatforms) = postSolution
		{4E1BF292-01BD-44E3-B773-A100E45C9693}.Debug|Any CPU.ActiveCfg = Debug|Any CPU
		{4E1BF292-01BD-44E3-B773-A100E45C9693}.Debug|Any CPU.Build.0 = Debug|Any CPU
		{4E1BF292-01BD-44E3-B773-A100E45C9693}.Release|Any CPU.ActiveCfg = Release|Any CPU
		{4E1BF292-01BD-44E3-B773-A100E45C9693}.Release|Any CPU.Build.0 = Release|Any CPU
	EndGlobalSection
EndGlobal
